// !$*UTF8*$!
{
	archiveVersion = 1;
	classes = {
	};
	objectVersion = 48;
	objects = {

/* Begin PBXBuildFile section */
		6533B6AE1FC5755A0036D203 /* AppDelegate.m in Sources */ = {isa = PBXBuildFile; fileRef = 6533B6AD1FC5755A0036D203 /* AppDelegate.m */; };
		6533B6B11FC5755A0036D203 /* ViewController.m in Sources */ = {isa = PBXBuildFile; fileRef = 6533B6B01FC5755A0036D203 /* ViewController.m */; };
		6533B6B41FC5755A0036D203 /* Main.storyboard in Resources */ = {isa = PBXBuildFile; fileRef = 6533B6B21FC5755A0036D203 /* Main.storyboard */; };
		6533B6B61FC5755A0036D203 /* Assets.xcassets in Resources */ = {isa = PBXBuildFile; fileRef = 6533B6B51FC5755A0036D203 /* Assets.xcassets */; };
		6533B6B91FC5755A0036D203 /* LaunchScreen.storyboard in Resources */ = {isa = PBXBuildFile; fileRef = 6533B6B71FC5755A0036D203 /* LaunchScreen.storyboard */; };
		6533B6BC1FC5755A0036D203 /* main.m in Sources */ = {isa = PBXBuildFile; fileRef = 6533B6BB1FC5755A0036D203 /* main.m */; };
		6533B6C61FC5755A0036D203 /* AQAVPlayerViewControllerTests.m in Sources */ = {isa = PBXBuildFile; fileRef = 6533B6C51FC5755A0036D203 /* AQAVPlayerViewControllerTests.m */; };
		6533B6D11FC5755A0036D203 /* AQAVPlayerViewControllerUITests.m in Sources */ = {isa = PBXBuildFile; fileRef = 6533B6D01FC5755A0036D203 /* AQAVPlayerViewControllerUITests.m */; };
		6533B6E11FC5756D0036D203 /* AQPlayerView.m in Sources */ = {isa = PBXBuildFile; fileRef = 6533B6E01FC5756D0036D203 /* AQPlayerView.m */; };
		656231A51FC6771A0027D030 /* UINavigationController+AQPlayerRotation.m in Sources */ = {isa = PBXBuildFile; fileRef = 656231A41FC6771A0027D030 /* UINavigationController+AQPlayerRotation.m */; };
		656231A81FC6773D0027D030 /* UITabBarController+AQPlayerRotation.m in Sources */ = {isa = PBXBuildFile; fileRef = 656231A71FC6773D0027D030 /* UITabBarController+AQPlayerRotation.m */; };
		656231AB1FC677630027D030 /* UIViewController+AQPlayerRotation.m in Sources */ = {isa = PBXBuildFile; fileRef = 656231AA1FC677630027D030 /* UIViewController+AQPlayerRotation.m */; };
		656231AE1FC699720027D030 /* AQLoadingView.m in Sources */ = {isa = PBXBuildFile; fileRef = 656231AD1FC699720027D030 /* AQLoadingView.m */; };
		656231B11FC699C90027D030 /* AQSlider.m in Sources */ = {isa = PBXBuildFile; fileRef = 656231B01FC699C90027D030 /* AQSlider.m */; };
		656231B41FC6C8850027D030 /* AQPlayerMaskView.m in Sources */ = {isa = PBXBuildFile; fileRef = 656231B31FC6C8850027D030 /* AQPlayerMaskView.m */; };
		656231B71FC6C8E70027D030 /* AQPlayer.bundle in Resources */ = {isa = PBXBuildFile; fileRef = 656231B61FC6C8E70027D030 /* AQPlayer.bundle */; };
/* End PBXBuildFile section */

/* Begin PBXContainerItemProxy section */
		6533B6C21FC5755A0036D203 /* PBXContainerItemProxy */ = {
			isa = PBXContainerItemProxy;
			containerPortal = 6533B6A11FC5755A0036D203 /* Project object */;
			proxyType = 1;
			remoteGlobalIDString = 6533B6A81FC5755A0036D203;
			remoteInfo = AQAVPlayerViewController;
		};
		6533B6CD1FC5755A0036D203 /* PBXContainerItemProxy */ = {
			isa = PBXContainerItemProxy;
			containerPortal = 6533B6A11FC5755A0036D203 /* Project object */;
			proxyType = 1;
			remoteGlobalIDString = 6533B6A81FC5755A0036D203;
			remoteInfo = AQAVPlayerViewController;
		};
/* End PBXContainerItemProxy section */

/* Begin PBXFileReference section */
		6533B6A91FC5755A0036D203 /* AQAVPlayerViewController.app */ = {isa = PBXFileReference; explicitFileType = wrapper.application; includeInIndex = 0; path = AQAVPlayerViewController.app; sourceTree = BUILT_PRODUCTS_DIR; };
		6533B6AC1FC5755A0036D203 /* AppDelegate.h */ = {isa = PBXFileReference; lastKnownFileType = sourcecode.c.h; path = AppDelegate.h; sourceTree = "<group>"; };
		6533B6AD1FC5755A0036D203 /* AppDelegate.m */ = {isa = PBXFileReference; lastKnownFileType = sourcecode.c.objc; path = AppDelegate.m; sourceTree = "<group>"; };
		6533B6AF1FC5755A0036D203 /* ViewController.h */ = {isa = PBXFileReference; lastKnownFileType = sourcecode.c.h; path = ViewController.h; sourceTree = "<group>"; };
		6533B6B01FC5755A0036D203 /* ViewController.m */ = {isa = PBXFileReference; lastKnownFileType = sourcecode.c.objc; path = ViewController.m; sourceTree = "<group>"; };
		6533B6B31FC5755A0036D203 /* Base */ = {isa = PBXFileReference; lastKnownFileType = file.storyboard; name = Base; path = Base.lproj/Main.storyboard; sourceTree = "<group>"; };
		6533B6B51FC5755A0036D203 /* Assets.xcassets */ = {isa = PBXFileReference; lastKnownFileType = folder.assetcatalog; path = Assets.xcassets; sourceTree = "<group>"; };
		6533B6B81FC5755A0036D203 /* Base */ = {isa = PBXFileReference; lastKnownFileType = file.storyboard; name = Base; path = Base.lproj/LaunchScreen.storyboard; sourceTree = "<group>"; };
		6533B6BA1FC5755A0036D203 /* Info.plist */ = {isa = PBXFileReference; lastKnownFileType = text.plist.xml; path = Info.plist; sourceTree = "<group>"; };
		6533B6BB1FC5755A0036D203 /* main.m */ = {isa = PBXFileReference; lastKnownFileType = sourcecode.c.objc; path = main.m; sourceTree = "<group>"; };
		6533B6C11FC5755A0036D203 /* AQAVPlayerViewControllerTests.xctest */ = {isa = PBXFileReference; explicitFileType = wrapper.cfbundle; includeInIndex = 0; path = AQAVPlayerViewControllerTests.xctest; sourceTree = BUILT_PRODUCTS_DIR; };
		6533B6C51FC5755A0036D203 /* AQAVPlayerViewControllerTests.m */ = {isa = PBXFileReference; lastKnownFileType = sourcecode.c.objc; path = AQAVPlayerViewControllerTests.m; sourceTree = "<group>"; };
		6533B6C71FC5755A0036D203 /* Info.plist */ = {isa = PBXFileReference; lastKnownFileType = text.plist.xml; path = Info.plist; sourceTree = "<group>"; };
		6533B6CC1FC5755A0036D203 /* AQAVPlayerViewControllerUITests.xctest */ = {isa = PBXFileReference; explicitFileType = wrapper.cfbundle; includeInIndex = 0; path = AQAVPlayerViewControllerUITests.xctest; sourceTree = BUILT_PRODUCTS_DIR; };
		6533B6D01FC5755A0036D203 /* AQAVPlayerViewControllerUITests.m */ = {isa = PBXFileReference; lastKnownFileType = sourcecode.c.objc; path = AQAVPlayerViewControllerUITests.m; sourceTree = "<group>"; };
		6533B6D21FC5755A0036D203 /* Info.plist */ = {isa = PBXFileReference; lastKnownFileType = text.plist.xml; path = Info.plist; sourceTree = "<group>"; };
		6533B6DF1FC5756D0036D203 /* AQPlayerView.h */ = {isa = PBXFileReference; fileEncoding = 4; lastKnownFileType = sourcecode.c.h; path = AQPlayerView.h; sourceTree = "<group>"; };
		6533B6E01FC5756D0036D203 /* AQPlayerView.m */ = {isa = PBXFileReference; fileEncoding = 4; lastKnownFileType = sourcecode.c.objc; path = AQPlayerView.m; sourceTree = "<group>"; };
		656231A31FC6771A0027D030 /* UINavigationController+AQPlayerRotation.h */ = {isa = PBXFileReference; lastKnownFileType = sourcecode.c.h; path = "UINavigationController+AQPlayerRotation.h"; sourceTree = "<group>"; };
		656231A41FC6771A0027D030 /* UINavigationController+AQPlayerRotation.m */ = {isa = PBXFileReference; lastKnownFileType = sourcecode.c.objc; path = "UINavigationController+AQPlayerRotation.m"; sourceTree = "<group>"; };
		656231A61FC6773D0027D030 /* UITabBarController+AQPlayerRotation.h */ = {isa = PBXFileReference; lastKnownFileType = sourcecode.c.h; path = "UITabBarController+AQPlayerRotation.h"; sourceTree = "<group>"; };
		656231A71FC6773D0027D030 /* UITabBarController+AQPlayerRotation.m */ = {isa = PBXFileReference; lastKnownFileType = sourcecode.c.objc; path = "UITabBarController+AQPlayerRotation.m"; sourceTree = "<group>"; };
		656231A91FC677630027D030 /* UIViewController+AQPlayerRotation.h */ = {isa = PBXFileReference; lastKnownFileType = sourcecode.c.h; path = "UIViewController+AQPlayerRotation.h"; sourceTree = "<group>"; };
		656231AA1FC677630027D030 /* UIViewController+AQPlayerRotation.m */ = {isa = PBXFileReference; lastKnownFileType = sourcecode.c.objc; path = "UIViewController+AQPlayerRotation.m"; sourceTree = "<group>"; };
		656231AC1FC699720027D030 /* AQLoadingView.h */ = {isa = PBXFileReference; lastKnownFileType = sourcecode.c.h; path = AQLoadingView.h; sourceTree = "<group>"; };
		656231AD1FC699720027D030 /* AQLoadingView.m */ = {isa = PBXFileReference; lastKnownFileType = sourcecode.c.objc; path = AQLoadingView.m; sourceTree = "<group>"; };
		656231AF1FC699C90027D030 /* AQSlider.h */ = {isa = PBXFileReference; lastKnownFileType = sourcecode.c.h; path = AQSlider.h; sourceTree = "<group>"; };
		656231B01FC699C90027D030 /* AQSlider.m */ = {isa = PBXFileReference; lastKnownFileType = sourcecode.c.objc; path = AQSlider.m; sourceTree = "<group>"; };
		656231B21FC6C8850027D030 /* AQPlayerMaskView.h */ = {isa = PBXFileReference; lastKnownFileType = sourcecode.c.h; path = AQPlayerMaskView.h; sourceTree = "<group>"; };
		656231B31FC6C8850027D030 /* AQPlayerMaskView.m */ = {isa = PBXFileReference; lastKnownFileType = sourcecode.c.objc; path = AQPlayerMaskView.m; sourceTree = "<group>"; };
		656231B61FC6C8E70027D030 /* AQPlayer.bundle */ = {isa = PBXFileReference; lastKnownFileType = "wrapper.plug-in"; path = AQPlayer.bundle; sourceTree = "<group>"; };
/* End PBXFileReference section */

/* Begin PBXFrameworksBuildPhase section */
		6533B6A61FC5755A0036D203 /* Frameworks */ = {
			isa = PBXFrameworksBuildPhase;
			buildActionMask = 2147483647;
			files = (
			);
			runOnlyForDeploymentPostprocessing = 0;
		};
		6533B6BE1FC5755A0036D203 /* Frameworks */ = {
			isa = PBXFrameworksBuildPhase;
			buildActionMask = 2147483647;
			files = (
			);
			runOnlyForDeploymentPostprocessing = 0;
		};
		6533B6C91FC5755A0036D203 /* Frameworks */ = {
			isa = PBXFrameworksBuildPhase;
			buildActionMask = 2147483647;
			files = (
			);
			runOnlyForDeploymentPostprocessing = 0;
		};
/* End PBXFrameworksBuildPhase section */

/* Begin PBXGroup section */
		6533B6A01FC5755A0036D203 = {
			isa = PBXGroup;
			children = (
				6533B6AB1FC5755A0036D203 /* AQAVPlayerViewController */,
				6533B6C41FC5755A0036D203 /* AQAVPlayerViewControllerTests */,
				6533B6CF1FC5755A0036D203 /* AQAVPlayerViewControllerUITests */,
				6533B6AA1FC5755A0036D203 /* Products */,
			);
			sourceTree = "<group>";
		};
		6533B6AA1FC5755A0036D203 /* Products */ = {
			isa = PBXGroup;
			children = (
				6533B6A91FC5755A0036D203 /* AQAVPlayerViewController.app */,
				6533B6C11FC5755A0036D203 /* AQAVPlayerViewControllerTests.xctest */,
				6533B6CC1FC5755A0036D203 /* AQAVPlayerViewControllerUITests.xctest */,
			);
			name = Products;
			sourceTree = "<group>";
		};
		6533B6AB1FC5755A0036D203 /* AQAVPlayerViewController */ = {
			isa = PBXGroup;
			children = (
				6533B6DE1FC5756D0036D203 /* AQAVPlayer */,
				6533B6AC1FC5755A0036D203 /* AppDelegate.h */,
				6533B6AD1FC5755A0036D203 /* AppDelegate.m */,
				6533B6AF1FC5755A0036D203 /* ViewController.h */,
				6533B6B01FC5755A0036D203 /* ViewController.m */,
				6533B6B21FC5755A0036D203 /* Main.storyboard */,
				6533B6B51FC5755A0036D203 /* Assets.xcassets */,
				6533B6B71FC5755A0036D203 /* LaunchScreen.storyboard */,
				6533B6BA1FC5755A0036D203 /* Info.plist */,
				6533B6BB1FC5755A0036D203 /* main.m */,
			);
			path = AQAVPlayerViewController;
			sourceTree = "<group>";
		};
		6533B6C41FC5755A0036D203 /* AQAVPlayerViewControllerTests */ = {
			isa = PBXGroup;
			children = (
				6533B6C51FC5755A0036D203 /* AQAVPlayerViewControllerTests.m */,
				6533B6C71FC5755A0036D203 /* Info.plist */,
			);
			path = AQAVPlayerViewControllerTests;
			sourceTree = "<group>";
		};
		6533B6CF1FC5755A0036D203 /* AQAVPlayerViewControllerUITests */ = {
			isa = PBXGroup;
			children = (
				6533B6D01FC5755A0036D203 /* AQAVPlayerViewControllerUITests.m */,
				6533B6D21FC5755A0036D203 /* Info.plist */,
			);
			path = AQAVPlayerViewControllerUITests;
			sourceTree = "<group>";
		};
		6533B6DE1FC5756D0036D203 /* AQAVPlayer */ = {
			isa = PBXGroup;
			children = (
				6533B6DF1FC5756D0036D203 /* AQPlayerView.h */,
				6533B6E01FC5756D0036D203 /* AQPlayerView.m */,
				656231A31FC6771A0027D030 /* UINavigationController+AQPlayerRotation.h */,
				656231A41FC6771A0027D030 /* UINavigationController+AQPlayerRotation.m */,
				656231A61FC6773D0027D030 /* UITabBarController+AQPlayerRotation.h */,
				656231A71FC6773D0027D030 /* UITabBarController+AQPlayerRotation.m */,
				656231A91FC677630027D030 /* UIViewController+AQPlayerRotation.h */,
				656231AA1FC677630027D030 /* UIViewController+AQPlayerRotation.m */,
				656231AC1FC699720027D030 /* AQLoadingView.h */,
				656231AD1FC699720027D030 /* AQLoadingView.m */,
				656231AF1FC699C90027D030 /* AQSlider.h */,
				656231B01FC699C90027D030 /* AQSlider.m */,
				656231B21FC6C8850027D030 /* AQPlayerMaskView.h */,
				656231B31FC6C8850027D030 /* AQPlayerMaskView.m */,
				656231B51FC6C8D20027D030 /* Resource */,
			);
			path = AQAVPlayer;
			sourceTree = SOURCE_ROOT;
		};
		656231B51FC6C8D20027D030 /* Resource */ = {
			isa = PBXGroup;
			children = (
				656231B61FC6C8E70027D030 /* AQPlayer.bundle */,
			);
			path = Resource;
			sourceTree = "<group>";
		};
/* End PBXGroup section */

/* Begin PBXNativeTarget section */
		6533B6A81FC5755A0036D203 /* AQAVPlayerViewController */ = {
			isa = PBXNativeTarget;
			buildConfigurationList = 6533B6D51FC5755A0036D203 /* Build configuration list for PBXNativeTarget "AQAVPlayerViewController" */;
			buildPhases = (
				6533B6A51FC5755A0036D203 /* Sources */,
				6533B6A61FC5755A0036D203 /* Frameworks */,
				6533B6A71FC5755A0036D203 /* Resources */,
			);
			buildRules = (
			);
			dependencies = (
			);
			name = AQAVPlayerViewController;
			productName = AQAVPlayerViewController;
			productReference = 6533B6A91FC5755A0036D203 /* AQAVPlayerViewController.app */;
			productType = "com.apple.product-type.application";
		};
		6533B6C01FC5755A0036D203 /* AQAVPlayerViewControllerTests */ = {
			isa = PBXNativeTarget;
			buildConfigurationList = 6533B6D81FC5755A0036D203 /* Build configuration list for PBXNativeTarget "AQAVPlayerViewControllerTests" */;
			buildPhases = (
				6533B6BD1FC5755A0036D203 /* Sources */,
				6533B6BE1FC5755A0036D203 /* Frameworks */,
				6533B6BF1FC5755A0036D203 /* Resources */,
			);
			buildRules = (
			);
			dependencies = (
				6533B6C31FC5755A0036D203 /* PBXTargetDependency */,
			);
			name = AQAVPlayerViewControllerTests;
			productName = AQAVPlayerViewControllerTests;
			productReference = 6533B6C11FC5755A0036D203 /* AQAVPlayerViewControllerTests.xctest */;
			productType = "com.apple.product-type.bundle.unit-test";
		};
		6533B6CB1FC5755A0036D203 /* AQAVPlayerViewControllerUITests */ = {
			isa = PBXNativeTarget;
			buildConfigurationList = 6533B6DB1FC5755A0036D203 /* Build configuration list for PBXNativeTarget "AQAVPlayerViewControllerUITests" */;
			buildPhases = (
				6533B6C81FC5755A0036D203 /* Sources */,
				6533B6C91FC5755A0036D203 /* Frameworks */,
				6533B6CA1FC5755A0036D203 /* Resources */,
			);
			buildRules = (
			);
			dependencies = (
				6533B6CE1FC5755A0036D203 /* PBXTargetDependency */,
			);
			name = AQAVPlayerViewControllerUITests;
			productName = AQAVPlayerViewControllerUITests;
			productReference = 6533B6CC1FC5755A0036D203 /* AQAVPlayerViewControllerUITests.xctest */;
			productType = "com.apple.product-type.bundle.ui-testing";
		};
/* End PBXNativeTarget section */

/* Begin PBXProject section */
		6533B6A11FC5755A0036D203 /* Project object */ = {
			isa = PBXProject;
			attributes = {
				LastUpgradeCheck = 0900;
				ORGANIZATIONNAME = desunire;
				TargetAttributes = {
					6533B6A81FC5755A0036D203 = {
						CreatedOnToolsVersion = 9.0.1;
						ProvisioningStyle = Automatic;
					};
					6533B6C01FC5755A0036D203 = {
						CreatedOnToolsVersion = 9.0.1;
						ProvisioningStyle = Automatic;
						TestTargetID = 6533B6A81FC5755A0036D203;
					};
					6533B6CB1FC5755A0036D203 = {
						CreatedOnToolsVersion = 9.0.1;
						ProvisioningStyle = Automatic;
						TestTargetID = 6533B6A81FC5755A0036D203;
					};
				};
			};
			buildConfigurationList = 6533B6A41FC5755A0036D203 /* Build configuration list for PBXProject "AQAVPlayerViewController" */;
			compatibilityVersion = "Xcode 8.0";
			developmentRegion = en;
			hasScannedForEncodings = 0;
			knownRegions = (
				en,
				Base,
			);
			mainGroup = 6533B6A01FC5755A0036D203;
			productRefGroup = 6533B6AA1FC5755A0036D203 /* Products */;
			projectDirPath = "";
			projectRoot = "";
			targets = (
				6533B6A81FC5755A0036D203 /* AQAVPlayerViewController */,
				6533B6C01FC5755A0036D203 /* AQAVPlayerViewControllerTests */,
				6533B6CB1FC5755A0036D203 /* AQAVPlayerViewControllerUITests */,
			);
		};
/* End PBXProject section */

/* Begin PBXResourcesBuildPhase section */
		6533B6A71FC5755A0036D203 /* Resources */ = {
			isa = PBXResourcesBuildPhase;
			buildActionMask = 2147483647;
			files = (
				6533B6B91FC5755A0036D203 /* LaunchScreen.storyboard in Resources */,
				6533B6B61FC5755A0036D203 /* Assets.xcassets in Resources */,
				656231B71FC6C8E70027D030 /* AQPlayer.bundle in Resources */,
				6533B6B41FC5755A0036D203 /* Main.storyboard in Resources */,
			);
			runOnlyForDeploymentPostprocessing = 0;
		};
		6533B6BF1FC5755A0036D203 /* Resources */ = {
			isa = PBXResourcesBuildPhase;
			buildActionMask = 2147483647;
			files = (
			);
			runOnlyForDeploymentPostprocessing = 0;
		};
		6533B6CA1FC5755A0036D203 /* Resources */ = {
			isa = PBXResourcesBuildPhase;
			buildActionMask = 2147483647;
			files = (
			);
			runOnlyForDeploymentPostprocessing = 0;
		};
/* End PBXResourcesBuildPhase section */

/* Begin PBXSourcesBuildPhase section */
		6533B6A51FC5755A0036D203 /* Sources */ = {
			isa = PBXSourcesBuildPhase;
			buildActionMask = 2147483647;
			files = (
				656231B11FC699C90027D030 /* AQSlider.m in Sources */,
				6533B6B11FC5755A0036D203 /* ViewController.m in Sources */,
				6533B6BC1FC5755A0036D203 /* main.m in Sources */,
				6533B6AE1FC5755A0036D203 /* AppDelegate.m in Sources */,
				656231AB1FC677630027D030 /* UIViewController+AQPlayerRotation.m in Sources */,
				656231A51FC6771A0027D030 /* UINavigationController+AQPlayerRotation.m in Sources */,
				656231AE1FC699720027D030 /* AQLoadingView.m in Sources */,
				656231B41FC6C8850027D030 /* AQPlayerMaskView.m in Sources */,
				656231A81FC6773D0027D030 /* UITabBarController+AQPlayerRotation.m in Sources */,
				6533B6E11FC5756D0036D203 /* AQPlayerView.m in Sources */,
			);
			runOnlyForDeploymentPostprocessing = 0;
		};
		6533B6BD1FC5755A0036D203 /* Sources */ = {
			isa = PBXSourcesBuildPhase;
			buildActionMask = 2147483647;
			files = (
				6533B6C61FC5755A0036D203 /* AQAVPlayerViewControllerTests.m in Sources */,
			);
			runOnlyForDeploymentPostprocessing = 0;
		};
		6533B6C81FC5755A0036D203 /* Sources */ = {
			isa = PBXSourcesBuildPhase;
			buildActionMask = 2147483647;
			files = (
				6533B6D11FC5755A0036D203 /* AQAVPlayerViewControllerUITests.m in Sources */,
			);
			runOnlyForDeploymentPostprocessing = 0;
		};
/* End PBXSourcesBuildPhase section */

/* Begin PBXTargetDependency section */
		6533B6C31FC5755A0036D203 /* PBXTargetDependency */ = {
			isa = PBXTargetDependency;
			target = 6533B6A81FC5755A0036D203 /* AQAVPlayerViewController */;
			targetProxy = 6533B6C21FC5755A0036D203 /* PBXContainerItemProxy */;
		};
		6533B6CE1FC5755A0036D203 /* PBXTargetDependency */ = {
			isa = PBXTargetDependency;
			target = 6533B6A81FC5755A0036D203 /* AQAVPlayerViewController */;
			targetProxy = 6533B6CD1FC5755A0036D203 /* PBXContainerItemProxy */;
		};
/* End PBXTargetDependency section */

/* Begin PBXVariantGroup section */
		6533B6B21FC5755A0036D203 /* Main.storyboard */ = {
			isa = PBXVariantGroup;
			children = (
				6533B6B31FC5755A0036D203 /* Base */,
			);
			name = Main.storyboard;
			sourceTree = "<group>";
		};
		6533B6B71FC5755A0036D203 /* LaunchScreen.storyboard */ = {
			isa = PBXVariantGroup;
			children = (
				6533B6B81FC5755A0036D203 /* Base */,
			);
			name = LaunchScreen.storyboard;
			sourceTree = "<group>";
		};
/* End PBXVariantGroup section */

/* Begin XCBuildConfiguration section */
		6533B6D31FC5755A0036D203 /* Debug */ = {
			isa = XCBuildConfiguration;
			buildSettings = {
				ALWAYS_SEARCH_USER_PATHS = NO;
				CLANG_ANALYZER_NONNULL = YES;
				CLANG_ANALYZER_NUMBER_OBJECT_CONVERSION = YES_AGGRESSIVE;
				CLANG_CXX_LANGUAGE_STANDARD = "gnu++14";
				CLANG_CXX_LIBRARY = "libc++";
				CLANG_ENABLE_MODULES = YES;
				CLANG_ENABLE_OBJC_ARC = YES;
				CLANG_WARN_BLOCK_CAPTURE_AUTORELEASING = YES;
				CLANG_WARN_BOOL_CONVERSION = YES;
				CLANG_WARN_COMMA = YES;
				CLANG_WARN_CONSTANT_CONVERSION = YES;
				CLANG_WARN_DIRECT_OBJC_ISA_USAGE = YES_ERROR;
				CLANG_WARN_DOCUMENTATION_COMMENTS = YES;
				CLANG_WARN_EMPTY_BODY = YES;
				CLANG_WARN_ENUM_CONVERSION = YES;
				CLANG_WARN_INFINITE_RECURSION = YES;
				CLANG_WARN_INT_CONVERSION = YES;
				CLANG_WARN_NON_LITERAL_NULL_CONVERSION = YES;
				CLANG_WARN_OBJC_LITERAL_CONVERSION = YES;
				CLANG_WARN_OBJC_ROOT_CLASS = YES_ERROR;
				CLANG_WARN_RANGE_LOOP_ANALYSIS = YES;
				CLANG_WARN_STRICT_PROTOTYPES = YES;
				CLANG_WARN_SUSPICIOUS_MOVE = YES;
				CLANG_WARN_UNGUARDED_AVAILABILITY = YES_AGGRESSIVE;
				CLANG_WARN_UNREACHABLE_CODE = YES;
				CLANG_WARN__DUPLICATE_METHOD_MATCH = YES;
				CODE_SIGN_IDENTITY = "iPhone Developer";
				COPY_PHASE_STRIP = NO;
				DEBUG_INFORMATION_FORMAT = dwarf;
				ENABLE_STRICT_OBJC_MSGSEND = YES;
				ENABLE_TESTABILITY = YES;
				GCC_C_LANGUAGE_STANDARD = gnu11;
				GCC_DYNAMIC_NO_PIC = NO;
				GCC_NO_COMMON_BLOCKS = YES;
				GCC_OPTIMIZATION_LEVEL = 0;
				GCC_PREPROCESSOR_DEFINITIONS = (
					"DEBUG=1",
					"$(inherited)",
				);
				GCC_WARN_64_TO_32_BIT_CONVERSION = YES;
				GCC_WARN_ABOUT_RETURN_TYPE = YES_ERROR;
				GCC_WARN_UNDECLARED_SELECTOR = YES;
				GCC_WARN_UNINITIALIZED_AUTOS = YES_AGGRESSIVE;
				GCC_WARN_UNUSED_FUNCTION = YES;
				GCC_WARN_UNUSED_VARIABLE = YES;
				IPHONEOS_DEPLOYMENT_TARGET = 11.0;
				MTL_ENABLE_DEBUG_INFO = YES;
				ONLY_ACTIVE_ARCH = YES;
				SDKROOT = iphoneos;
			};
			name = Debug;
		};
		6533B6D41FC5755A0036D203 /* Release */ = {
			isa = XCBuildConfiguration;
			buildSettings = {
				ALWAYS_SEARCH_USER_PATHS = NO;
				CLANG_ANALYZER_NONNULL = YES;
				CLANG_ANALYZER_NUMBER_OBJECT_CONVERSION = YES_AGGRESSIVE;
				CLANG_CXX_LANGUAGE_STANDARD = "gnu++14";
				CLANG_CXX_LIBRARY = "libc++";
				CLANG_ENABLE_MODULES = YES;
				CLANG_ENABLE_OBJC_ARC = YES;
				CLANG_WARN_BLOCK_CAPTURE_AUTORELEASING = YES;
				CLANG_WARN_BOOL_CONVERSION = YES;
				CLANG_WARN_COMMA = YES;
				CLANG_WARN_CONSTANT_CONVERSION = YES;
				CLANG_WARN_DIRECT_OBJC_ISA_USAGE = YES_ERROR;
				CLANG_WARN_DOCUMENTATION_COMMENTS = YES;
				CLANG_WARN_EMPTY_BODY = YES;
				CLANG_WARN_ENUM_CONVERSION = YES;
				CLANG_WARN_INFINITE_RECURSION = YES;
				CLANG_WARN_INT_CONVERSION = YES;
				CLANG_WARN_NON_LITERAL_NULL_CONVERSION = YES;
				CLANG_WARN_OBJC_LITERAL_CONVERSION = YES;
				CLANG_WARN_OBJC_ROOT_CLASS = YES_ERROR;
				CLANG_WARN_RANGE_LOOP_ANALYSIS = YES;
				CLANG_WARN_STRICT_PROTOTYPES = YES;
				CLANG_WARN_SUSPICIOUS_MOVE = YES;
				CLANG_WARN_UNGUARDED_AVAILABILITY = YES_AGGRESSIVE;
				CLANG_WARN_UNREACHABLE_CODE = YES;
				CLANG_WARN__DUPLICATE_METHOD_MATCH = YES;
				CODE_SIGN_IDENTITY = "iPhone Developer";
				COPY_PHASE_STRIP = NO;
				DEBUG_INFORMATION_FORMAT = "dwarf-with-dsym";
				ENABLE_NS_ASSERTIONS = NO;
				ENABLE_STRICT_OBJC_MSGSEND = YES;
				GCC_C_LANGUAGE_STANDARD = gnu11;
				GCC_NO_COMMON_BLOCKS = YES;
				GCC_WARN_64_TO_32_BIT_CONVERSION = YES;
				GCC_WARN_ABOUT_RETURN_TYPE = YES_ERROR;
				GCC_WARN_UNDECLARED_SELECTOR = YES;
				GCC_WARN_UNINITIALIZED_AUTOS = YES_AGGRESSIVE;
				GCC_WARN_UNUSED_FUNCTION = YES;
				GCC_WARN_UNUSED_VARIABLE = YES;
				IPHONEOS_DEPLOYMENT_TARGET = 11.0;
				MTL_ENABLE_DEBUG_INFO = NO;
				SDKROOT = iphoneos;
				VALIDATE_PRODUCT = YES;
			};
			name = Release;
		};
		6533B6D61FC5755A0036D203 /* Debug */ = {
			isa = XCBuildConfiguration;
			buildSettings = {
				ASSETCATALOG_COMPILER_APPICON_NAME = AppIcon;
				CODE_SIGN_STYLE = Automatic;
				INFOPLIST_FILE = AQAVPlayerViewController/Info.plist;
				IPHONEOS_DEPLOYMENT_TARGET = 9.0;
				LD_RUNPATH_SEARCH_PATHS = "$(inherited) @executable_path/Frameworks";
				PRODUCT_BUNDLE_IDENTIFIER = kl.AQAVPlayerViewController;
				PRODUCT_NAME = "$(TARGET_NAME)";
				TARGETED_DEVICE_FAMILY = "1,2";
			};
			name = Debug;
		};
		6533B6D71FC5755A0036D203 /* Release */ = {
			isa = XCBuildConfiguration;
			buildSettings = {
				ASSETCATALOG_COMPILER_APPICON_NAME = AppIcon;
				CODE_SIGN_STYLE = Automatic;
				INFOPLIST_FILE = AQAVPlayerViewController/Info.plist;
				IPHONEOS_DEPLOYMENT_TARGET = 9.0;
				LD_RUNPATH_SEARCH_PATHS = "$(inherited) @executable_path/Frameworks";
				PRODUCT_BUNDLE_IDENTIFIER = kl.AQAVPlayerViewController;
				PRODUCT_NAME = "$(TARGET_NAME)";
				TARGETED_DEVICE_FAMILY = "1,2";
			};
			name = Release;
		};
		6533B6D91FC5755A0036D203 /* Debug */ = {
			isa = XCBuildConfiguration;
			buildSettings = {
				BUNDLE_LOADER = "$(TEST_HOST)";
				CODE_SIGN_STYLE = Automatic;
				INFOPLIST_FILE = AQAVPlayerViewControllerTests/Info.plist;
				LD_RUNPATH_SEARCH_PATHS = "$(inherited) @executable_path/Frameworks @loader_path/Frameworks";
				PRODUCT_BUNDLE_IDENTIFIER = kl.AQAVPlayerViewControllerTests;
				PRODUCT_NAME = "$(TARGET_NAME)";
				TARGETED_DEVICE_FAMILY = "1,2";
				TEST_HOST = "$(BUILT_PRODUCTS_DIR)/AQAVPlayerViewController.app/AQAVPlayerViewController";
			};
			name = Debug;
		};
		6533B6DA1FC5755A0036D203 /* Release */ = {
			isa = XCBuildConfiguration;
			buildSettings = {
				BUNDLE_LOADER = "$(TEST_HOST)";
				CODE_SIGN_STYLE = Automatic;
				INFOPLIST_FILE = AQAVPlayerViewControllerTests/Info.plist;
				LD_RUNPATH_SEARCH_PATHS = "$(inherited) @executable_path/Frameworks @loader_path/Frameworks";
				PRODUCT_BUNDLE_IDENTIFIER = kl.AQAVPlayerViewControllerTests;
				PRODUCT_NAME = "$(TARGET_NAME)";
				TARGETED_DEVICE_FAMILY = "1,2";
				TEST_HOST = "$(BUILT_PRODUCTS_DIR)/AQAVPlayerViewController.app/AQAVPlayerViewController";
			};
			name = Release;
		};
		6533B6DC1FC5755A0036D203 /* Debug */ = {
			isa = XCBuildConfiguration;
			buildSettings = {
				CODE_SIGN_STYLE = Automatic;
				INFOPLIST_FILE = AQAVPlayerViewControllerUITests/Info.plist;
				LD_RUNPATH_SEARCH_PATHS = "$(inherited) @executable_path/Frameworks @loader_path/Frameworks";
				PRODUCT_BUNDLE_IDENTIFIER = kl.AQAVPlayerViewControllerUITests;
				PRODUCT_NAME = "$(TARGET_NAME)";
				TARGETED_DEVICE_FAMILY = "1,2";
				TEST_TARGET_NAME = AQAVPlayerViewController;
			};
			name = Debug;
		};
		6533B6DD1FC5755A0036D203 /* Release */ = {
			isa = XCBuildConfiguration;
			buildSettings = {
				CODE_SIGN_STYLE = Automatic;
				INFOPLIST_FILE = AQAVPlayerViewControllerUITests/Info.plist;
				LD_RUNPATH_SEARCH_PATHS = "$(inherited) @executable_path/Frameworks @loader_path/Frameworks";
				PRODUCT_BUNDLE_IDENTIFIER = kl.AQAVPlayerViewControllerUITests;
				PRODUCT_NAME = "$(TARGET_NAME)";
				TARGETED_DEVICE_FAMILY = "1,2";
				TEST_TARGET_NAME = AQAVPlayerViewController;
			};
			name = Release;
		};
/* End XCBuildConfiguration section */

/* Begin XCConfigurationList section */
		6533B6A41FC5755A0036D203 /* Build configuration list for PBXProject "AQAVPlayerViewController" */ = {
			isa = XCConfigurationList;
			buildConfigurations = (
				6533B6D31FC5755A0036D203 /* Debug */,
				6533B6D41FC5755A0036D203 /* Release */,
			);
			defaultConfigurationIsVisible = 0;
			defaultConfigurationName = Release;
		};
		6533B6D51FC5755A0036D203 /* Build configuration list for PBXNativeTarget "AQAVPlayerViewController" */ = {
			isa = XCConfigurationList;
			buildConfigurations = (
				6533B6D61FC5755A0036D203 /* Debug */,
				6533B6D71FC5755A0036D203 /* Release */,
			);
			defaultConfigurationIsVisible = 0;
			defaultConfigurationName = Release;
		};
		6533B6D81FC5755A0036D203 /* Build configuration list for PBXNativeTarget "AQAVPlayerViewControllerTests" */ = {
			isa = XCConfigurationList;
			buildConfigurations = (
				6533B6D91FC5755A0036D203 /* Debug */,
				6533B6DA1FC5755A0036D203 /* Release */,
			);
			defaultConfigurationIsVisible = 0;
			defaultConfigurationName = Release;
		};
		6533B6DB1FC5755A0036D203 /* Build configuration list for PBXNativeTarget "AQAVPlayerViewControllerUITests" */ = {
			isa = XCConfigurationList;
			buildConfigurations = (
				6533B6DC1FC5755A0036D203 /* Debug */,
				6533B6DD1FC5755A0036D203 /* Release */,
			);
			defaultConfigurationIsVisible = 0;
			defaultConfigurationName = Release;
		};
/* End XCConfigurationList section */
	};
	rootObject = 6533B6A11FC5755A0036D203 /* Project object */;
}
